{
  "object": {
    "pins": [
      {
        "package": "KeyboardLayoutGuide",
        "repositoryURL": "https://github.com/Geri-Borbas/iOS.Package.KeyboardLayoutGuide",
        "state": {
          "branch": "main",
          "revision": "20efa9d6ad15c7cf2cf342c8b24e9261511c105f",
          "version": null
        }
      },
      {
        "package": "Withable",
        "repositoryURL": "https://github.com/Geri-Borbas/iOS.Package.Withable",
        "state": {
          "branch": "main",
          "revision": "b381d6575d1890a07449d41bf1897d2acef74124",
          "version": null
        }
      }
    ]
  },
  "version": 1
}
